
Microsoft Visual Studio Solution File, Format Version 12.00
# Visual Studio Version 16
VisualStudioVersion = 16.0.29728.190
MinimumVisualStudioVersion = 10.0.40219.1
Project("{2150E333-8FDC-42A3-9474-1A3956D46DE8}") = "1_SRP_Single_Responsibility", "1_SRP_Single_Responsibility", "{DBBA742B-0739-4346-9EDE-287556B01232}"
EndProject
Project("{2150E333-8FDC-42A3-9474-1A3956D46DE8}") = "Problem_1_CalculadoraSalario_Coesao", "Problem_1_CalculadoraSalario_Coesao", "{BD708DEB-1432-48AA-96FB-DF126AE7C66C}"
EndProject
Project("{9A19103F-16F7-4668-BE54-9A1E7A4F7556}") = "CalculadoraSalario_Problem", "CalculadoraSalario_Problem\CalculadoraSalario_Problem.csproj", "{732FCE27-9F04-43A8-AA0F-BC30A0A31431}"
EndProject
Project("{9A19103F-16F7-4668-BE54-9A1E7A4F7556}") = "CalculadoraSalario_Solution", "CalculadoraSalario_Solution\CalculadoraSalario_Solution.csproj", "{48A94053-F4C4-4854-87D1-B3E7D7CCCBD1}"
EndProject
Project("{2150E333-8FDC-42A3-9474-1A3956D46DE8}") = "Problem_2_GeradorDeNotaFiscal_Acoplamento_Estabilidade", "Problem_2_GeradorDeNotaFiscal_Acoplamento_Estabilidade", "{97E3211B-F615-40C7-BCAA-FAFBD6FCB56D}"
EndProject
Project("{9A19103F-16F7-4668-BE54-9A1E7A4F7556}") = "GeradorDeNotaFiscal_Problem", "GeradorDeNotaFiscal_Problem\GeradorDeNotaFiscal_Problem.csproj", "{6A999743-A400-4DB2-9865-F0167EEB9CD7}"
EndProject
Project("{9A19103F-16F7-4668-BE54-9A1E7A4F7556}") = "GeradorDeNotaFiscal_Solution", "GeradorDeNotaFiscal_Solution\GeradorDeNotaFiscal_Solution.csproj", "{9B464181-9052-403B-B36A-962683EE5FD6}"
EndProject
Project("{2150E333-8FDC-42A3-9474-1A3956D46DE8}") = "2_OCP_Open_Close", "2_OCP_Open_Close", "{04E2513A-509E-4B4C-82CF-49E29FBA4E53}"
EndProject
Project("{2150E333-8FDC-42A3-9474-1A3956D46DE8}") = "Problem_1_CalculadoraDePrecos", "Problem_1_CalculadoraDePrecos", "{63774B57-D038-4485-AE1D-E595373058EF}"
EndProject
Project("{9A19103F-16F7-4668-BE54-9A1E7A4F7556}") = "CalculadoraDePrecos_Problem", "CalculadoraDePrecos_Problem\CalculadoraDePrecos_Problem.csproj", "{BDC3F699-228B-49F9-8D82-4546B03857BF}"
EndProject
Project("{9A19103F-16F7-4668-BE54-9A1E7A4F7556}") = "CalculadoraDePrecos_Solution", "CalculadoraDePrecos_Solution\CalculadoraDePrecos_Solution.csproj", "{F173F7F7-A2B1-439B-B66F-E48ACCEAE30B}"
EndProject
Project("{2150E333-8FDC-42A3-9474-1A3956D46DE8}") = "Problem_3_ProcessadorBoletos_Encapsulamento", "Problem_3_ProcessadorBoletos_Encapsulamento", "{80615987-6017-458D-97F5-4C7CC58DFD55}"
EndProject
Project("{9A19103F-16F7-4668-BE54-9A1E7A4F7556}") = "ProcessadorBoletos_Problem", "ProcessadorBoletos_Problem\ProcessadorBoletos_Problem.csproj", "{2616DA7D-1BB3-444B-A301-2F3D173E27CC}"
EndProject
Project("{9A19103F-16F7-4668-BE54-9A1E7A4F7556}") = "ProcessadorBoletos_Solution", "ProcessadorBoletos_Solution\ProcessadorBoletos_Solution.csproj", "{C0B1068F-3F02-48A0-902F-EFA37DFEFF04}"
EndProject
Project("{2150E333-8FDC-42A3-9474-1A3956D46DE8}") = "Problem_2_GeradorDeArquivos", "Problem_2_GeradorDeArquivos", "{387D490D-B354-4407-8005-90DB40CE6207}"
EndProject
Project("{9A19103F-16F7-4668-BE54-9A1E7A4F7556}") = "GeradorDeArquivos_Problem", "GeradorDeArquivos_Problem\GeradorDeArquivos_Problem.csproj", "{27A17F7D-13B3-4782-8D22-183AB239F1C1}"
EndProject
Project("{9A19103F-16F7-4668-BE54-9A1E7A4F7556}") = "GeradorDeArquivos_Solution", "GeradorDeArquivos_Solution\GeradorDeArquivos_Solution.csproj", "{4FA52925-C4EC-43CB-B343-39870F2B1BE2}"
EndProject
Project("{2150E333-8FDC-42A3-9474-1A3956D46DE8}") = "3_LSP_Liskov_Substitution", "3_LSP_Liskov_Substitution", "{E841A92C-9283-4503-9B40-A0FF65D958A7}"
EndProject
Project("{2150E333-8FDC-42A3-9474-1A3956D46DE8}") = "4_ISP_Interface_Segregation", "4_ISP_Interface_Segregation", "{B6EB6D1C-B36F-4C18-AC86-2F161D9D63F6}"
EndProject
Project("{2150E333-8FDC-42A3-9474-1A3956D46DE8}") = "5_DIP_Dependency_Inversion", "5_DIP_Dependency_Inversion", "{632D6AB8-E9C4-4B4E-B989-A7A094378AE6}"
EndProject
Project("{2150E333-8FDC-42A3-9474-1A3956D46DE8}") = "Problem_1_GerenciadorDeContas", "Problem_1_GerenciadorDeContas", "{DF952635-1E94-4BDC-AB52-5A7BD5B6B704}"
EndProject
Project("{9A19103F-16F7-4668-BE54-9A1E7A4F7556}") = "GerenciadorDeContas_Problem", "GerenciadorDeContas_Problem\GerenciadorDeContas_Problem.csproj", "{8F56D3C6-8520-4EEB-ADEF-D16E6ECEDE7E}"
EndProject
Project("{9A19103F-16F7-4668-BE54-9A1E7A4F7556}") = "GerenciadorDeContas_Solution", "GerenciadorDeContas_Solution\GerenciadorDeContas_Solution.csproj", "{7947DBC8-3B57-461F-AB70-EA159984C4CF}"
EndProject
Project("{2150E333-8FDC-42A3-9474-1A3956D46DE8}") = "Problem_1_MembroDeTimeScrum", "Problem_1_MembroDeTimeScrum", "{EB31F00B-3088-4F00-A367-8DFBABAE0FC2}"
EndProject
Project("{FAE04EC0-301F-11D3-BF4B-00C04F79EFBC}") = "MembroDeTimeScrum_Problem", "MembroDeTimeScrum_Problem\MembroDeTimeScrum_Problem.csproj", "{AF690E92-3277-40AE-B205-BDC97FF411D7}"
EndProject
Project("{FAE04EC0-301F-11D3-BF4B-00C04F79EFBC}") = "MembroDeTimeScrum_Solution", "MembroDeTimeScrum_Solution\MembroDeTimeScrum_Solution.csproj", "{33637FF3-93B8-4F18-B33B-537D34EA5A3E}"
EndProject
Project("{2150E333-8FDC-42A3-9474-1A3956D46DE8}") = "Problem_2_FuncionarioComissao", "Problem_2_FuncionarioComissao", "{1F77F6DD-86EB-497B-AFDB-55B70ACAD7B7}"
EndProject
Project("{FAE04EC0-301F-11D3-BF4B-00C04F79EFBC}") = "FuncionarioComissao_Problem", "FuncionarioComissao_Problem\FuncionarioComissao_Problem.csproj", "{82814ADC-7CB9-4306-A512-5E6DDDACB1A9}"
EndProject
Project("{FAE04EC0-301F-11D3-BF4B-00C04F79EFBC}") = "FuncionarioComissao_Solution", "FuncionarioComissao_Solution\FuncionarioComissao_Solution.csproj", "{06835DF5-DDC3-40AA-8FE4-82C086DDF775}"
EndProject
Global
	GlobalSection(SolutionConfigurationPlatforms) = preSolution
		Debug|Any CPU = Debug|Any CPU
		Release|Any CPU = Release|Any CPU
	EndGlobalSection
	GlobalSection(ProjectConfigurationPlatforms) = postSolution
		{732FCE27-9F04-43A8-AA0F-BC30A0A31431}.Debug|Any CPU.ActiveCfg = Debug|Any CPU
		{732FCE27-9F04-43A8-AA0F-BC30A0A31431}.Debug|Any CPU.Build.0 = Debug|Any CPU
		{732FCE27-9F04-43A8-AA0F-BC30A0A31431}.Release|Any CPU.ActiveCfg = Release|Any CPU
		{732FCE27-9F04-43A8-AA0F-BC30A0A31431}.Release|Any CPU.Build.0 = Release|Any CPU
		{48A94053-F4C4-4854-87D1-B3E7D7CCCBD1}.Debug|Any CPU.ActiveCfg = Debug|Any CPU
		{48A94053-F4C4-4854-87D1-B3E7D7CCCBD1}.Debug|Any CPU.Build.0 = Debug|Any CPU
		{48A94053-F4C4-4854-87D1-B3E7D7CCCBD1}.Release|Any CPU.ActiveCfg = Release|Any CPU
		{48A94053-F4C4-4854-87D1-B3E7D7CCCBD1}.Release|Any CPU.Build.0 = Release|Any CPU
		{6A999743-A400-4DB2-9865-F0167EEB9CD7}.Debug|Any CPU.ActiveCfg = Debug|Any CPU
		{6A999743-A400-4DB2-9865-F0167EEB9CD7}.Debug|Any CPU.Build.0 = Debug|Any CPU
		{6A999743-A400-4DB2-9865-F0167EEB9CD7}.Release|Any CPU.ActiveCfg = Release|Any CPU
		{6A999743-A400-4DB2-9865-F0167EEB9CD7}.Release|Any CPU.Build.0 = Release|Any CPU
		{9B464181-9052-403B-B36A-962683EE5FD6}.Debug|Any CPU.ActiveCfg = Debug|Any CPU
		{9B464181-9052-403B-B36A-962683EE5FD6}.Debug|Any CPU.Build.0 = Debug|Any CPU
		{9B464181-9052-403B-B36A-962683EE5FD6}.Release|Any CPU.ActiveCfg = Release|Any CPU
		{9B464181-9052-403B-B36A-962683EE5FD6}.Release|Any CPU.Build.0 = Release|Any CPU
		{BDC3F699-228B-49F9-8D82-4546B03857BF}.Debug|Any CPU.ActiveCfg = Debug|Any CPU
		{BDC3F699-228B-49F9-8D82-4546B03857BF}.Debug|Any CPU.Build.0 = Debug|Any CPU
		{BDC3F699-228B-49F9-8D82-4546B03857BF}.Release|Any CPU.ActiveCfg = Release|Any CPU
		{BDC3F699-228B-49F9-8D82-4546B03857BF}.Release|Any CPU.Build.0 = Release|Any CPU
		{F173F7F7-A2B1-439B-B66F-E48ACCEAE30B}.Debug|Any CPU.ActiveCfg = Debug|Any CPU
		{F173F7F7-A2B1-439B-B66F-E48ACCEAE30B}.Debug|Any CPU.Build.0 = Debug|Any CPU
		{F173F7F7-A2B1-439B-B66F-E48ACCEAE30B}.Release|Any CPU.ActiveCfg = Release|Any CPU
		{F173F7F7-A2B1-439B-B66F-E48ACCEAE30B}.Release|Any CPU.Build.0 = Release|Any CPU
		{2616DA7D-1BB3-444B-A301-2F3D173E27CC}.Debug|Any CPU.ActiveCfg = Debug|Any CPU
		{2616DA7D-1BB3-444B-A301-2F3D173E27CC}.Debug|Any CPU.Build.0 = Debug|Any CPU
		{2616DA7D-1BB3-444B-A301-2F3D173E27CC}.Release|Any CPU.ActiveCfg = Release|Any CPU
		{2616DA7D-1BB3-444B-A301-2F3D173E27CC}.Release|Any CPU.Build.0 = Release|Any CPU
		{C0B1068F-3F02-48A0-902F-EFA37DFEFF04}.Debug|Any CPU.ActiveCfg = Debug|Any CPU
		{C0B1068F-3F02-48A0-902F-EFA37DFEFF04}.Debug|Any CPU.Build.0 = Debug|Any CPU
		{C0B1068F-3F02-48A0-902F-EFA37DFEFF04}.Release|Any CPU.ActiveCfg = Release|Any CPU
		{C0B1068F-3F02-48A0-902F-EFA37DFEFF04}.Release|Any CPU.Build.0 = Release|Any CPU
		{27A17F7D-13B3-4782-8D22-183AB239F1C1}.Debug|Any CPU.ActiveCfg = Debug|Any CPU
		{27A17F7D-13B3-4782-8D22-183AB239F1C1}.Debug|Any CPU.Build.0 = Debug|Any CPU
		{27A17F7D-13B3-4782-8D22-183AB239F1C1}.Release|Any CPU.ActiveCfg = Release|Any CPU
		{27A17F7D-13B3-4782-8D22-183AB239F1C1}.Release|Any CPU.Build.0 = Release|Any CPU
		{4FA52925-C4EC-43CB-B343-39870F2B1BE2}.Debug|Any CPU.ActiveCfg = Debug|Any CPU
		{4FA52925-C4EC-43CB-B343-39870F2B1BE2}.Debug|Any CPU.Build.0 = Debug|Any CPU
		{4FA52925-C4EC-43CB-B343-39870F2B1BE2}.Release|Any CPU.ActiveCfg = Release|Any CPU
		{4FA52925-C4EC-43CB-B343-39870F2B1BE2}.Release|Any CPU.Build.0 = Release|Any CPU
		{8F56D3C6-8520-4EEB-ADEF-D16E6ECEDE7E}.Debug|Any CPU.ActiveCfg = Debug|Any CPU
		{8F56D3C6-8520-4EEB-ADEF-D16E6ECEDE7E}.Debug|Any CPU.Build.0 = Debug|Any CPU
		{8F56D3C6-8520-4EEB-ADEF-D16E6ECEDE7E}.Release|Any CPU.ActiveCfg = Release|Any CPU
		{8F56D3C6-8520-4EEB-ADEF-D16E6ECEDE7E}.Release|Any CPU.Build.0 = Release|Any CPU
		{7947DBC8-3B57-461F-AB70-EA159984C4CF}.Debug|Any CPU.ActiveCfg = Debug|Any CPU
		{7947DBC8-3B57-461F-AB70-EA159984C4CF}.Debug|Any CPU.Build.0 = Debug|Any CPU
		{7947DBC8-3B57-461F-AB70-EA159984C4CF}.Release|Any CPU.ActiveCfg = Release|Any CPU
		{7947DBC8-3B57-461F-AB70-EA159984C4CF}.Release|Any CPU.Build.0 = Release|Any CPU
		{AF690E92-3277-40AE-B205-BDC97FF411D7}.Debug|Any CPU.ActiveCfg = Debug|Any CPU
		{AF690E92-3277-40AE-B205-BDC97FF411D7}.Debug|Any CPU.Build.0 = Debug|Any CPU
		{AF690E92-3277-40AE-B205-BDC97FF411D7}.Release|Any CPU.ActiveCfg = Release|Any CPU
		{AF690E92-3277-40AE-B205-BDC97FF411D7}.Release|Any CPU.Build.0 = Release|Any CPU
		{33637FF3-93B8-4F18-B33B-537D34EA5A3E}.Debug|Any CPU.ActiveCfg = Debug|Any CPU
		{33637FF3-93B8-4F18-B33B-537D34EA5A3E}.Debug|Any CPU.Build.0 = Debug|Any CPU
		{33637FF3-93B8-4F18-B33B-537D34EA5A3E}.Release|Any CPU.ActiveCfg = Release|Any CPU
		{33637FF3-93B8-4F18-B33B-537D34EA5A3E}.Release|Any CPU.Build.0 = Release|Any CPU
		{82814ADC-7CB9-4306-A512-5E6DDDACB1A9}.Debug|Any CPU.ActiveCfg = Debug|Any CPU
		{82814ADC-7CB9-4306-A512-5E6DDDACB1A9}.Debug|Any CPU.Build.0 = Debug|Any CPU
		{82814ADC-7CB9-4306-A512-5E6DDDACB1A9}.Release|Any CPU.ActiveCfg = Release|Any CPU
		{82814ADC-7CB9-4306-A512-5E6DDDACB1A9}.Release|Any CPU.Build.0 = Release|Any CPU
		{06835DF5-DDC3-40AA-8FE4-82C086DDF775}.Debug|Any CPU.ActiveCfg = Debug|Any CPU
		{06835DF5-DDC3-40AA-8FE4-82C086DDF775}.Debug|Any CPU.Build.0 = Debug|Any CPU
		{06835DF5-DDC3-40AA-8FE4-82C086DDF775}.Release|Any CPU.ActiveCfg = Release|Any CPU
		{06835DF5-DDC3-40AA-8FE4-82C086DDF775}.Release|Any CPU.Build.0 = Release|Any CPU
	EndGlobalSection
	GlobalSection(SolutionProperties) = preSolution
		HideSolutionNode = FALSE
	EndGlobalSection
	GlobalSection(NestedProjects) = preSolution
		{BD708DEB-1432-48AA-96FB-DF126AE7C66C} = {DBBA742B-0739-4346-9EDE-287556B01232}
		{732FCE27-9F04-43A8-AA0F-BC30A0A31431} = {BD708DEB-1432-48AA-96FB-DF126AE7C66C}
		{48A94053-F4C4-4854-87D1-B3E7D7CCCBD1} = {BD708DEB-1432-48AA-96FB-DF126AE7C66C}
		{97E3211B-F615-40C7-BCAA-FAFBD6FCB56D} = {DBBA742B-0739-4346-9EDE-287556B01232}
		{6A999743-A400-4DB2-9865-F0167EEB9CD7} = {97E3211B-F615-40C7-BCAA-FAFBD6FCB56D}
		{9B464181-9052-403B-B36A-962683EE5FD6} = {97E3211B-F615-40C7-BCAA-FAFBD6FCB56D}
		{63774B57-D038-4485-AE1D-E595373058EF} = {04E2513A-509E-4B4C-82CF-49E29FBA4E53}
		{BDC3F699-228B-49F9-8D82-4546B03857BF} = {63774B57-D038-4485-AE1D-E595373058EF}
		{F173F7F7-A2B1-439B-B66F-E48ACCEAE30B} = {63774B57-D038-4485-AE1D-E595373058EF}
		{80615987-6017-458D-97F5-4C7CC58DFD55} = {DBBA742B-0739-4346-9EDE-287556B01232}
		{2616DA7D-1BB3-444B-A301-2F3D173E27CC} = {80615987-6017-458D-97F5-4C7CC58DFD55}
		{C0B1068F-3F02-48A0-902F-EFA37DFEFF04} = {80615987-6017-458D-97F5-4C7CC58DFD55}
		{387D490D-B354-4407-8005-90DB40CE6207} = {04E2513A-509E-4B4C-82CF-49E29FBA4E53}
		{27A17F7D-13B3-4782-8D22-183AB239F1C1} = {387D490D-B354-4407-8005-90DB40CE6207}
		{4FA52925-C4EC-43CB-B343-39870F2B1BE2} = {387D490D-B354-4407-8005-90DB40CE6207}
		{DF952635-1E94-4BDC-AB52-5A7BD5B6B704} = {E841A92C-9283-4503-9B40-A0FF65D958A7}
		{8F56D3C6-8520-4EEB-ADEF-D16E6ECEDE7E} = {DF952635-1E94-4BDC-AB52-5A7BD5B6B704}
		{7947DBC8-3B57-461F-AB70-EA159984C4CF} = {DF952635-1E94-4BDC-AB52-5A7BD5B6B704}
		{EB31F00B-3088-4F00-A367-8DFBABAE0FC2} = {B6EB6D1C-B36F-4C18-AC86-2F161D9D63F6}
		{AF690E92-3277-40AE-B205-BDC97FF411D7} = {EB31F00B-3088-4F00-A367-8DFBABAE0FC2}
		{33637FF3-93B8-4F18-B33B-537D34EA5A3E} = {EB31F00B-3088-4F00-A367-8DFBABAE0FC2}
		{1F77F6DD-86EB-497B-AFDB-55B70ACAD7B7} = {B6EB6D1C-B36F-4C18-AC86-2F161D9D63F6}
		{82814ADC-7CB9-4306-A512-5E6DDDACB1A9} = {1F77F6DD-86EB-497B-AFDB-55B70ACAD7B7}
		{06835DF5-DDC3-40AA-8FE4-82C086DDF775} = {1F77F6DD-86EB-497B-AFDB-55B70ACAD7B7}
	EndGlobalSection
	GlobalSection(ExtensibilityGlobals) = postSolution
		SolutionGuid = {0ADFFE23-F487-4C62-B055-02E7B5E87267}
	EndGlobalSection
EndGlobal
